
Microsoft Visual Studio Solution File, Format Version 12.00
# Visual Studio 15
VisualStudioVersion = 15.0.28010.2026
MinimumVisualStudioVersion = 10.0.40219.1
Project("{FAE04EC0-301F-11D3-BF4B-00C04F79EFBC}") = "WhatIsMyIPAddress", "WhatIsMyIPAddress\WhatIsMyIPAddress.csproj", "{00C072B0-AC0E-41A0-ABB9-80B02C3E0CED}"
EndProject
Global
	GlobalSection(SolutionConfigurationPlatforms) = preSolution
		Debug|Any CPU = Debug|Any CPU
		Release|Any CPU = Release|Any CPU
	EndGlobalSection
	GlobalSection(ProjectConfigurationPlatforms) = postSolution
		{00C072B0-AC0E-41A0-ABB9-80B02C3E0CED}.Debug|Any CPU.ActiveCfg = Debug|Any CPU
		{00C072B0-AC0E-41A0-ABB9-80B02C3E0CED}.Debug|Any CPU.Build.0 = Debug|Any CPU
		{00C072B0-AC0E-41A0-ABB9-80B02C3E0CED}.Release|Any CPU.ActiveCfg = Release|Any CPU
		{00C072B0-AC0E-41A0-ABB9-80B02C3E0CED}.Release|Any CPU.Build.0 = Release|Any CPU
	EndGlobalSection
	GlobalSection(SolutionProperties) = preSolution
		HideSolutionNode = FALSE
	EndGlobalSection
	GlobalSection(ExtensibilityGlobals) = postSolution
		SolutionGuid = {90D9B655-33BC-4112-8488-4B100D4D74FD}
	EndGlobalSection
EndGlobal
