
Microsoft Visual Studio Solution File, Format Version 12.00
# Visual Studio 15
VisualStudioVersion = 15.0.28010.2026
MinimumVisualStudioVersion = 10.0.40219.1
Project("{9A19103F-16F7-4668-BE54-9A1E7A4F7556}") = "WhatIsMyIPAddress.Example", "src\WhatIsMyIPAddress.Example\WhatIsMyIPAddress.Example.csproj", "{534EECC4-E8B1-4172-8C34-6CD116E04776}"
EndProject
Project("{9A19103F-16F7-4668-BE54-9A1E7A4F7556}") = "WhatIsMyIPAddress.API", "src\WhatIsMyIPAddress.API\WhatIsMyIPAddress.API.csproj", "{D61F560C-CE1A-4E30-AA00-D43ECCBCF6C7}"
EndProject
Global
	GlobalSection(SolutionConfigurationPlatforms) = preSolution
		Debug|Any CPU = Debug|Any CPU
		Release|Any CPU = Release|Any CPU
	EndGlobalSection
	GlobalSection(ProjectConfigurationPlatforms) = postSolution
		{534EECC4-E8B1-4172-8C34-6CD116E04776}.Debug|Any CPU.ActiveCfg = Debug|Any CPU
		{534EECC4-E8B1-4172-8C34-6CD116E04776}.Debug|Any CPU.Build.0 = Debug|Any CPU
		{534EECC4-E8B1-4172-8C34-6CD116E04776}.Release|Any CPU.ActiveCfg = Release|Any CPU
		{534EECC4-E8B1-4172-8C34-6CD116E04776}.Release|Any CPU.Build.0 = Release|Any CPU
		{D61F560C-CE1A-4E30-AA00-D43ECCBCF6C7}.Debug|Any CPU.ActiveCfg = Debug|Any CPU
		{D61F560C-CE1A-4E30-AA00-D43ECCBCF6C7}.Debug|Any CPU.Build.0 = Debug|Any CPU
		{D61F560C-CE1A-4E30-AA00-D43ECCBCF6C7}.Release|Any CPU.ActiveCfg = Release|Any CPU
		{D61F560C-CE1A-4E30-AA00-D43ECCBCF6C7}.Release|Any CPU.Build.0 = Release|Any CPU
	EndGlobalSection
	GlobalSection(SolutionProperties) = preSolution
		HideSolutionNode = FALSE
	EndGlobalSection
	GlobalSection(ExtensibilityGlobals) = postSolution
		SolutionGuid = {90D9B655-33BC-4112-8488-4B100D4D74FD}
	EndGlobalSection
EndGlobal
